
Microsoft Visual Studio Solution File, Format Version 12.00
# Visual Studio Version 17
VisualStudioVersion = 17.10.34916.146
MinimumVisualStudioVersion = 10.0.40219.1
Project("{FAE04EC0-301F-11D3-BF4B-00C04F79EFBC}") = "APISYMBOL", "APISYMBOL.csproj", "{006AF544-2295-4D4C-AB39-723018A5CCC4}"
EndProject
Global
	GlobalSection(SolutionConfigurationPlatforms) = preSolution
		Debug|Any CPU = Debug|Any CPU
		Release|Any CPU = Release|Any CPU
	EndGlobalSection
	GlobalSection(ProjectConfigurationPlatforms) = postSolution
		{006AF544-2295-4D4C-AB39-723018A5CCC4}.Debug|Any CPU.ActiveCfg = Debug|Any CPU
		{006AF544-2295-4D4C-AB39-723018A5CCC4}.Debug|Any CPU.Build.0 = Debug|Any CPU
		{006AF544-2295-4D4C-AB39-723018A5CCC4}.Release|Any CPU.ActiveCfg = Release|Any CPU
		{006AF544-2295-4D4C-AB39-723018A5CCC4}.Release|Any CPU.Build.0 = Release|Any CPU
	EndGlobalSection
	GlobalSection(SolutionProperties) = preSolution
		HideSolutionNode = FALSE
	EndGlobalSection
	GlobalSection(ExtensibilityGlobals) = postSolution
		SolutionGuid = {CCC6E571-CD0F-416F-994B-B20BA7911CBC}
	EndGlobalSection
EndGlobal
